#MicroXplorer Configuration settings - do not modify
Mcu.Family=STM32F4
ProjectManager.MainLocation=Core/Src
PH0-OSC_IN.Signal=RCC_OSC_IN
RCC.CortexFreq_Value=72000000
ProjectManager.KeepUserCode=true
Mcu.UserName=STM32F407VGTx
ADC2.SamplingTime-1\#ChannelRegularConversion=ADC_SAMPLETIME_3CYCLES
TIM1.IPParameters=Period,AutoReloadPreload,Channel-PWM Generation1 CH1,Channel-PWM Generation2 CH2,Channel-PWM Generation3 CH3
RCC.PLLCLKFreq_Value=72000000
RCC.PLLQCLKFreq_Value=36000000
PC7.Locked=true
ProjectManager.functionlistsort=1-MX_GPIO_Init-GPIO-false-HAL-true,2-MX_DMA_Init-DMA-false-HAL-true,3-SystemClock_Config-RCC-false-HAL-false,4-MX_TIM1_Init-TIM1-false-HAL-true,5-MX_USART1_UART_Init-USART1-false-HAL-true,6-MX_ADC2_Init-ADC2-false-HAL-true,7-MX_ADC1_Init-ADC1-false-HAL-true,8-MX_TIM2_Init-TIM2-false-HAL-true
RCC.RTCFreq_Value=32000
SH.S_TIM1_CH3.ConfNb=1
SH.S_TIM1_CH1.ConfNb=1
TIM2.Channel-PWM\ Generation2\ CH2=TIM_CHANNEL_2
USART1.IPParameters=VirtualMode
PC1.Locked=true
PB11.Signal=S_TIM2_CH4
PB13.Signal=GPIO_Output
PB15.Signal=GPIO_Output
PinOutPanel.RotationAngle=0
RCC.SYSCLKSource=RCC_SYSCLKSOURCE_PLLCLK
ProjectManager.StackSize=0x400
Mcu.IP4=RCC
RCC.FCLKCortexFreq_Value=72000000
Mcu.IP5=SYS
Mcu.IP2=DMA
NVIC.SVCall_IRQn=true\:0\:0\:false\:false\:true\:false\:false
NVIC.ADC_IRQn=true\:0\:0\:false\:false\:true\:true\:true
Mcu.IP3=NVIC
Mcu.IP0=ADC1
Mcu.IP1=ADC2
Mcu.UserConstants=
Mcu.ThirdPartyNb=0
RCC.HCLKFreq_Value=72000000
Mcu.IPNb=9
RCC.I2SClocksFreq_Value=192000000
TIM2.IPParameters=Channel-PWM Generation2 CH2,Period,Channel-PWM Generation4 CH4
ProjectManager.PreviousToolchain=
RCC.APB2TimFreq_Value=72000000
RCC.VcooutputI2S=192000000
PB6.Signal=GPIO_Input
PC7.Signal=GPIO_Input
PC3.Signal=ADCx_IN13
Mcu.Pin6=PA0-WKUP
Mcu.Pin7=PA4
Mcu.Pin8=PE9
Mcu.Pin9=PE11
PE1.Signal=GPIO_Output
RCC.AHBFreq_Value=72000000
PB13.Locked=true
PH0-OSC_IN.Mode=HSE-External-Oscillator
Dma.USART1_RX.0.Priority=DMA_PRIORITY_LOW
Mcu.Pin0=PC14-OSC32_IN
Mcu.Pin1=PC15-OSC32_OUT
GPIO.groupedBy=Group By Peripherals
Mcu.Pin2=PH0-OSC_IN
Mcu.Pin3=PH1-OSC_OUT
Mcu.Pin4=PC1
Mcu.Pin5=PC3
ProjectManager.ProjectBuild=false
RCC.HSE_VALUE=25000000
NVIC.UsageFault_IRQn=true\:0\:0\:false\:false\:true\:false\:false
NVIC.DebugMonitor_IRQn=true\:0\:0\:false\:false\:true\:false\:false
NVIC.SysTick_IRQn=true\:0\:0\:false\:false\:true\:false\:true
ProjectManager.FirmwarePackage=STM32Cube FW_F4 V1.25.2
MxDb.Version=DB.6.0.10
PE0.GPIOParameters=GPIO_Label
PE13.Signal=S_TIM1_CH3
ProjectManager.BackupPrevious=false
PC14-OSC32_IN.Mode=LSE-External-Oscillator
RCC.VCOInputFreq_Value=2000000
TIM1.Channel-PWM\ Generation1\ CH1=TIM_CHANNEL_1
PE9.Signal=S_TIM1_CH1
File.Version=6
SH.ADCx_IN11.ConfNb=2
SH.ADCx_IN13.ConfNb=1
SH.ADCx_IN4.ConfNb=1
PE1.Locked=true
PB6.Locked=true
NVIC.PendSV_IRQn=true\:0\:0\:false\:false\:true\:false\:false
Dma.USART1_RX.0.MemInc=DMA_MINC_ENABLE
Dma.RequestsNb=1
ProjectManager.HalAssertFull=false
VP_TIM1_VS_ClockSourceINT.Mode=Internal
ProjectManager.ProjectName=steer_by_wire
PH1-OSC_OUT.Mode=HSE-External-Oscillator
RCC.MCO2PinFreq_Value=72000000
Mcu.Package=LQFP100
ProjectManager.ToolChainLocation=
RCC.LSI_VALUE=32000
VP_SYS_VS_Systick.Signal=SYS_VS_Systick
ADC2.Channel-1\#ChannelRegularConversion=ADC_CHANNEL_11
Dma.USART1_RX.0.RequestParameters=Instance,Direction,PeriphInc,MemInc,PeriphDataAlignment,MemDataAlignment,Mode,Priority,FIFOMode
PA10.Signal=USART1_RX
PE0.GPIO_Label=start_input
Dma.USART1_RX.0.FIFOMode=DMA_FIFOMODE_DISABLE
RCC.APB2CLKDivider=RCC_HCLK_DIV2
NVIC.DMA2_Stream2_IRQn=true\:0\:0\:false\:false\:true\:false\:true
RCC.APB1TimFreq_Value=72000000
NVIC.BusFault_IRQn=true\:0\:0\:false\:false\:true\:false\:false
Dma.USART1_RX.0.Mode=DMA_CIRCULAR
TIM1.Period=8399
SH.S_TIM2_CH4.ConfNb=1
Dma.Request0=USART1_RX
Dma.USART1_RX.0.Instance=DMA2_Stream2
ProjectManager.CustomerFirmwarePackage=
PB3.Locked=true
PB15.Locked=true
PC15-OSC32_OUT.Mode=LSE-External-Oscillator
ProjectManager.ProjectFileName=steer_by_wire.ioc
TIM2.Channel-PWM\ Generation4\ CH4=TIM_CHANNEL_4
SH.ADCx_IN13.0=ADC1_IN13,IN13
Dma.USART1_RX.0.PeriphDataAlignment=DMA_PDATAALIGN_BYTE
PA10.Mode=Asynchronous
Mcu.PinsNb=25
ProjectManager.NoMain=false
ADC1.IPParameters=Rank-9\#ChannelRegularConversion,master,Channel-9\#ChannelRegularConversion,SamplingTime-9\#ChannelRegularConversion,NbrOfConversionFlag
ProjectManager.DefaultFWLocation=true
ProjectManager.DeletePrevious=true
PB14.Locked=true
RCC.APB1CLKDivider=RCC_HCLK_DIV2
PC14-OSC32_IN.Signal=RCC_OSC32_IN
RCC.FamilyName=M
PA0-WKUP.Signal=GPIO_Input
PA0-WKUP.Locked=true
TIM1.AutoReloadPreload=TIM_AUTORELOAD_PRELOAD_ENABLE
SH.S_TIM2_CH2.0=TIM2_CH2,PWM Generation2 CH2
PA9.Mode=Asynchronous
SH.S_TIM1_CH1.0=TIM1_CH1,PWM Generation1 CH1
ProjectManager.TargetToolchain=STM32CubeIDE
Dma.USART1_RX.0.Direction=DMA_PERIPH_TO_MEMORY
ADC2.IPParameters=Rank-1\#ChannelRegularConversion,Channel-1\#ChannelRegularConversion,SamplingTime-1\#ChannelRegularConversion,NbrOfConversionFlag
PA9.Signal=USART1_TX
VP_TIM1_VS_ClockSourceINT.Signal=TIM1_VS_ClockSourceINT
SH.S_TIM2_CH2.ConfNb=1
TIM1.Channel-PWM\ Generation2\ CH2=TIM_CHANNEL_2
PB5.Locked=true
ProjectManager.RegisterCallBack=
PE0.Locked=true
PE11.Signal=S_TIM1_CH2
PC15-OSC32_OUT.Signal=RCC_OSC32_OUT
Dma.USART1_RX.0.PeriphInc=DMA_PINC_DISABLE
SH.S_TIM1_CH2.ConfNb=1
RCC.VCOI2SOutputFreq_Value=384000000
PB14.Signal=GPIO_Output
board=custom
RCC.VCOOutputFreq_Value=144000000
PE1.GPIO_Label=start_output
ProjectManager.LastFirmware=true
RCC.APB2Freq_Value=36000000
SH.ADCx_IN11.1=ADC2_IN11,IN11
SH.ADCx_IN11.0=ADC1_IN11
MxCube.Version=6.1.1
SH.S_TIM1_CH2.0=TIM1_CH2,PWM Generation2 CH2
VP_SYS_VS_Systick.Mode=SysTick
RCC.EthernetFreq_Value=72000000
PH1-OSC_OUT.Signal=RCC_OSC_OUT
Dma.USART1_RX.0.MemDataAlignment=DMA_MDATAALIGN_BYTE
SH.ADCx_IN4.0=ADC2_IN4,IN4
NVIC.NonMaskableInt_IRQn=true\:0\:0\:false\:false\:true\:false\:false
TIM2.Period=8399
ADC1.Rank-9\#ChannelRegularConversion=1
ProjectManager.FreePins=false
RCC.IPParameters=48MHZClocksFreq_Value,AHBFreq_Value,APB1CLKDivider,APB1Freq_Value,APB1TimFreq_Value,APB2CLKDivider,APB2Freq_Value,APB2TimFreq_Value,CortexFreq_Value,EthernetFreq_Value,FCLKCortexFreq_Value,FamilyName,HCLKFreq_Value,HSE_VALUE,HSI_VALUE,I2SClocksFreq_Value,LSI_VALUE,MCO2PinFreq_Value,PLLCLKFreq_Value,PLLM,PLLN,PLLQCLKFreq_Value,RTCFreq_Value,RTCHSEDivFreq_Value,SYSCLKFreq_VALUE,SYSCLKSource,VCOI2SOutputFreq_Value,VCOInputFreq_Value,VCOOutputFreq_Value,VcooutputI2S
ProjectManager.AskForMigrate=true
PE0.Signal=GPIO_Input
Mcu.Name=STM32F407V(E-G)Tx
RCC.RTCHSEDivFreq_Value=12500000
Mcu.Pin24=VP_TIM1_VS_ClockSourceINT
ProjectManager.UnderRoot=true
Mcu.IP8=USART1
ADC1.Channel-9\#ChannelRegularConversion=ADC_CHANNEL_13
Mcu.IP6=TIM1
Mcu.IP7=TIM2
ProjectManager.CoupleFile=false
RCC.48MHZClocksFreq_Value=36000000
PB3.Signal=S_TIM2_CH2
PA4.Signal=ADCx_IN4
RCC.SYSCLKFreq_VALUE=72000000
PB5.Signal=GPIO_Input
Mcu.Pin22=PE1
Mcu.Pin23=VP_SYS_VS_Systick
Mcu.Pin20=PB6
ADC1.master=1
Mcu.Pin21=PE0
ADC2.NbrOfConversionFlag=1
NVIC.ForceEnableDMAVector=true
KeepUserPlacement=false
NVIC.MemoryManagement_IRQn=true\:0\:0\:false\:false\:true\:false\:false
USART1.VirtualMode=VM_ASYNC
ProjectManager.CompilerOptimize=6
ProjectManager.HeapSize=0x200
Mcu.Pin15=PC7
NVIC.HardFault_IRQn=true\:0\:0\:false\:false\:true\:false\:false
Mcu.Pin16=PA9
SH.S_TIM2_CH4.0=TIM2_CH4,PWM Generation4 CH4
Mcu.Pin13=PB14
SH.S_TIM1_CH3.0=TIM1_CH3,PWM Generation3 CH3
Mcu.Pin14=PB15
Mcu.Pin19=PB5
ProjectManager.ComputerToolchain=false
Mcu.Pin17=PA10
RCC.HSI_VALUE=16000000
Mcu.Pin18=PB3
NVIC.PriorityGroup=NVIC_PRIORITYGROUP_4
ADC1.NbrOfConversionFlag=1
Mcu.Pin11=PB11
Mcu.Pin12=PB13
RCC.PLLM=8
RCC.PLLN=72
Mcu.Pin10=PE13
ADC2.Rank-1\#ChannelRegularConversion=1
ADC1.SamplingTime-9\#ChannelRegularConversion=ADC_SAMPLETIME_3CYCLES
TIM1.Channel-PWM\ Generation3\ CH3=TIM_CHANNEL_3
RCC.APB1Freq_Value=36000000
PB11.Locked=true
ProjectManager.DeviceId=STM32F407VGTx
PC1.Signal=ADCx_IN11
ProjectManager.LibraryCopy=1
PE1.GPIOParameters=GPIO_Label
